speakeasyVersion: 1.795.1
sources:
    Authlete-OAS:
        sourceNamespace: authlete-oas
        sourceRevisionDigest: sha256:9f075b30612e82cc695ef19cc79e9a8d0b680106b6066f8cbad96e2acc4193d4
        sourceBlobDigest: sha256:2dc0d2f1efd1bbda279bf6daadc14f3b967d083b778f2911420d5dc6ef7d4ef5
        tags:
            - latest
            - 3.0.16
targets:
    authlete:
        source: Authlete-OAS
        sourceNamespace: authlete-oas
        sourceRevisionDigest: sha256:9f075b30612e82cc695ef19cc79e9a8d0b680106b6066f8cbad96e2acc4193d4
        sourceBlobDigest: sha256:2dc0d2f1efd1bbda279bf6daadc14f3b967d083b778f2911420d5dc6ef7d4ef5
workflow:
    workflowVersion: 1.0.0
    speakeasyVersion: 1.795.1
    sources:
        Authlete-OAS:
            inputs:
                - location: registry.speakeasyapi.dev/authlete/sdk-workspace/authlete-oas:main
            overlays:
                - location: .speakeasy/terraform_overlay.yaml
            output: .speakeasy/out.openapi.yaml
            registry:
                location: registry.speakeasyapi.dev/authlete/sdk-workspace/authlete-oas
    targets:
        authlete:
            target: terraform
            source: Authlete-OAS
