speakeasyVersion: 1.795.1
sources:
    Authlete-OAS:
        sourceNamespace: authlete-oas
        sourceRevisionDigest: sha256:5a5bdac1e7877c9a27e52959bc0c0e5869e6918579aba527a71c5716c666601c
        sourceBlobDigest: sha256:c031d8ff2eed22e7863e696d7adb1ef3d16cfd28a56f212ffe5376cecf1d9fbb
        tags:
            - latest
            - 3.0.16
targets:
    authlete:
        source: Authlete-OAS
        sourceNamespace: authlete-oas
        sourceRevisionDigest: sha256:5a5bdac1e7877c9a27e52959bc0c0e5869e6918579aba527a71c5716c666601c
        sourceBlobDigest: sha256:c031d8ff2eed22e7863e696d7adb1ef3d16cfd28a56f212ffe5376cecf1d9fbb
workflow:
    workflowVersion: 1.0.0
    speakeasyVersion: 1.795.1
    sources:
        Authlete-OAS:
            inputs:
                - location: registry.speakeasyapi.dev/authlete/sdk-workspace/authlete-oas:main
            overlays:
                - location: .speakeasy/terraform_overlay.yaml
            output: .speakeasy/out.openapi.yaml
            registry:
                location: registry.speakeasyapi.dev/authlete/sdk-workspace/authlete-oas
    targets:
        authlete:
            target: terraform
            source: Authlete-OAS
