speakeasyVersion: 1.795.1
sources:
    Authlete-OAS:
        sourceNamespace: authlete-oas
        sourceRevisionDigest: sha256:40ec6b2438095cccfb57a1701a74558ed7caad09442c31b462749446c636e847
        sourceBlobDigest: sha256:fcbc349c953d5d3d5c8b3666be5c3e81abef36ba22d4f4f1bac6bd7aaa41949c
        tags:
            - latest
            - 3.0.16
targets:
    authlete:
        source: Authlete-OAS
        sourceNamespace: authlete-oas
        sourceRevisionDigest: sha256:40ec6b2438095cccfb57a1701a74558ed7caad09442c31b462749446c636e847
        sourceBlobDigest: sha256:fcbc349c953d5d3d5c8b3666be5c3e81abef36ba22d4f4f1bac6bd7aaa41949c
workflow:
    workflowVersion: 1.0.0
    speakeasyVersion: latest
    sources:
        Authlete-OAS:
            inputs:
                - location: registry.speakeasyapi.dev/authlete/sdk-workspace/authlete-oas:main
            overlays:
                - location: .speakeasy/terraform_overlay.yaml
            output: .speakeasy/out.openapi.yaml
            registry:
                location: registry.speakeasyapi.dev/authlete/sdk-workspace/authlete-oas
    targets:
        authlete:
            target: terraform
            source: Authlete-OAS
